
Microsoft Visual Studio Solution File, Format Version 12.00
# Visual Studio Version 17
VisualStudioVersion = 17.5.33424.131
MinimumVisualStudioVersion = 10.0.40219.1
Project("{FAE04EC0-301F-11D3-BF4B-00C04F79EFBC}") = "Vetores.cs", "Vetores.cs\Vetores.cs.csproj", "{B40B9713-B96C-40A1-982C-A76DBFABD81B}"
EndProject
Global
	GlobalSection(SolutionConfigurationPlatforms) = preSolution
		Debug|Any CPU = Debug|Any CPU
		Release|Any CPU = Release|Any CPU
	EndGlobalSection
	GlobalSection(ProjectConfigurationPlatforms) = postSolution
		{B40B9713-B96C-40A1-982C-A76DBFABD81B}.Debug|Any CPU.ActiveCfg = Debug|Any CPU
		{B40B9713-B96C-40A1-982C-A76DBFABD81B}.Debug|Any CPU.Build.0 = Debug|Any CPU
		{B40B9713-B96C-40A1-982C-A76DBFABD81B}.Release|Any CPU.ActiveCfg = Release|Any CPU
		{B40B9713-B96C-40A1-982C-A76DBFABD81B}.Release|Any CPU.Build.0 = Release|Any CPU
	EndGlobalSection
	GlobalSection(SolutionProperties) = preSolution
		HideSolutionNode = FALSE
	EndGlobalSection
	GlobalSection(ExtensibilityGlobals) = postSolution
		SolutionGuid = {34ED97B8-0DDC-4402-A566-194C99BB994C}
	EndGlobalSection
EndGlobal
