
Microsoft Visual Studio Solution File, Format Version 12.00
# Visual Studio Version 17
VisualStudioVersion = 17.5.33424.131
MinimumVisualStudioVersion = 10.0.40219.1
Project("{FAE04EC0-301F-11D3-BF4B-00C04F79EFBC}") = "wfa_AlunoMatéria", "wfa_AlunoMatéria\wfa_AlunoMatéria.csproj", "{64DA432F-7996-4BC0-9A7A-E829CEB9B8BE}"
EndProject
Global
	GlobalSection(SolutionConfigurationPlatforms) = preSolution
		Debug|Any CPU = Debug|Any CPU
		Release|Any CPU = Release|Any CPU
	EndGlobalSection
	GlobalSection(ProjectConfigurationPlatforms) = postSolution
		{64DA432F-7996-4BC0-9A7A-E829CEB9B8BE}.Debug|Any CPU.ActiveCfg = Debug|Any CPU
		{64DA432F-7996-4BC0-9A7A-E829CEB9B8BE}.Debug|Any CPU.Build.0 = Debug|Any CPU
		{64DA432F-7996-4BC0-9A7A-E829CEB9B8BE}.Release|Any CPU.ActiveCfg = Release|Any CPU
		{64DA432F-7996-4BC0-9A7A-E829CEB9B8BE}.Release|Any CPU.Build.0 = Release|Any CPU
	EndGlobalSection
	GlobalSection(SolutionProperties) = preSolution
		HideSolutionNode = FALSE
	EndGlobalSection
	GlobalSection(ExtensibilityGlobals) = postSolution
		SolutionGuid = {185C6D81-96C9-4068-BEE8-3D965D8F1653}
	EndGlobalSection
EndGlobal
