
Microsoft Visual Studio Solution File, Format Version 12.00
# Visual Studio Version 17
VisualStudioVersion = 17.5.33424.131
MinimumVisualStudioVersion = 10.0.40219.1
Project("{FAE04EC0-301F-11D3-BF4B-00C04F79EFBC}") = "wfa_BancoDadosFinanciadora", "wfa_BancoDadosFinanciadora\wfa_BancoDadosFinanciadora.csproj", "{A5312B49-DE10-444E-8EB5-B10C92B5DB95}"
EndProject
Global
	GlobalSection(SolutionConfigurationPlatforms) = preSolution
		Debug|Any CPU = Debug|Any CPU
		Release|Any CPU = Release|Any CPU
	EndGlobalSection
	GlobalSection(ProjectConfigurationPlatforms) = postSolution
		{A5312B49-DE10-444E-8EB5-B10C92B5DB95}.Debug|Any CPU.ActiveCfg = Debug|Any CPU
		{A5312B49-DE10-444E-8EB5-B10C92B5DB95}.Debug|Any CPU.Build.0 = Debug|Any CPU
		{A5312B49-DE10-444E-8EB5-B10C92B5DB95}.Release|Any CPU.ActiveCfg = Release|Any CPU
		{A5312B49-DE10-444E-8EB5-B10C92B5DB95}.Release|Any CPU.Build.0 = Release|Any CPU
	EndGlobalSection
	GlobalSection(SolutionProperties) = preSolution
		HideSolutionNode = FALSE
	EndGlobalSection
	GlobalSection(ExtensibilityGlobals) = postSolution
		SolutionGuid = {876AE744-351B-4EE0-B714-3AD5C671C45D}
	EndGlobalSection
EndGlobal
