
Microsoft Visual Studio Solution File, Format Version 12.00
# Visual Studio Version 17
VisualStudioVersion = 17.5.33424.131
MinimumVisualStudioVersion = 10.0.40219.1
Project("{FAE04EC0-301F-11D3-BF4B-00C04F79EFBC}") = "ExProva.cs", "ExProva.cs\ExProva.cs.csproj", "{53660927-9674-42AB-A60D-EDA0F236B663}"
EndProject
Global
	GlobalSection(SolutionConfigurationPlatforms) = preSolution
		Debug|Any CPU = Debug|Any CPU
		Release|Any CPU = Release|Any CPU
	EndGlobalSection
	GlobalSection(ProjectConfigurationPlatforms) = postSolution
		{53660927-9674-42AB-A60D-EDA0F236B663}.Debug|Any CPU.ActiveCfg = Debug|Any CPU
		{53660927-9674-42AB-A60D-EDA0F236B663}.Debug|Any CPU.Build.0 = Debug|Any CPU
		{53660927-9674-42AB-A60D-EDA0F236B663}.Release|Any CPU.ActiveCfg = Release|Any CPU
		{53660927-9674-42AB-A60D-EDA0F236B663}.Release|Any CPU.Build.0 = Release|Any CPU
	EndGlobalSection
	GlobalSection(SolutionProperties) = preSolution
		HideSolutionNode = FALSE
	EndGlobalSection
	GlobalSection(ExtensibilityGlobals) = postSolution
		SolutionGuid = {D650C47F-9F02-4144-ACC1-8AF8A0D05F00}
	EndGlobalSection
EndGlobal
