
Microsoft Visual Studio Solution File, Format Version 12.00
# Visual Studio Version 17
VisualStudioVersion = 17.5.33424.131
MinimumVisualStudioVersion = 10.0.40219.1
Project("{FAE04EC0-301F-11D3-BF4B-00C04F79EFBC}") = "NoFilaED", "NoFilaED\NoFilaED.csproj", "{B1071BBD-8A1A-4478-A16F-7FD096FADBF8}"
EndProject
Global
	GlobalSection(SolutionConfigurationPlatforms) = preSolution
		Debug|Any CPU = Debug|Any CPU
		Release|Any CPU = Release|Any CPU
	EndGlobalSection
	GlobalSection(ProjectConfigurationPlatforms) = postSolution
		{B1071BBD-8A1A-4478-A16F-7FD096FADBF8}.Debug|Any CPU.ActiveCfg = Debug|Any CPU
		{B1071BBD-8A1A-4478-A16F-7FD096FADBF8}.Debug|Any CPU.Build.0 = Debug|Any CPU
		{B1071BBD-8A1A-4478-A16F-7FD096FADBF8}.Release|Any CPU.ActiveCfg = Release|Any CPU
		{B1071BBD-8A1A-4478-A16F-7FD096FADBF8}.Release|Any CPU.Build.0 = Release|Any CPU
	EndGlobalSection
	GlobalSection(SolutionProperties) = preSolution
		HideSolutionNode = FALSE
	EndGlobalSection
	GlobalSection(ExtensibilityGlobals) = postSolution
		SolutionGuid = {FE5BB1EC-103D-433D-8D85-52D6FDE163B8}
	EndGlobalSection
EndGlobal
